// !$*UTF8*$!
{
	archiveVersion = 1;
	classes = {
	};
	objectVersion = 46;
	objects = {

/* Begin PBXBuildFile section */
		603C5F1417DB1EDA001B4007 /* UIKit.framework in Frameworks */ = {isa = PBXBuildFile; fileRef = 603C5F1317DB1EDA001B4007 /* UIKit.framework */; };
		603C5F1617DB1EDA001B4007 /* Foundation.framework in Frameworks */ = {isa = PBXBuildFile; fileRef = 603C5F1517DB1EDA001B4007 /* Foundation.framework */; };
		603C5F1817DB1EDA001B4007 /* CoreGraphics.framework in Frameworks */ = {isa = PBXBuildFile; fileRef = 603C5F1717DB1EDA001B4007 /* CoreGraphics.framework */; };
		603C5F1E17DB1EDA001B4007 /* InfoPlist.strings in Resources */ = {isa = PBXBuildFile; fileRef = 603C5F1C17DB1EDA001B4007 /* InfoPlist.strings */; };
		603C5F2017DB1EDA001B4007 /* main.m in Sources */ = {isa = PBXBuildFile; fileRef = 603C5F1F17DB1EDA001B4007 /* main.m */; };
		603C5F2417DB1EDA001B4007 /* AppDelegate.m in Sources */ = {isa = PBXBuildFile; fileRef = 603C5F2317DB1EDA001B4007 /* AppDelegate.m */; };
		603C5F2617DB1EDA001B4007 /* Default.png in Resources */ = {isa = PBXBuildFile; fileRef = 603C5F2517DB1EDA001B4007 /* Default.png */; };
		603C5F2817DB1EDA001B4007 /* Default@2x.png in Resources */ = {isa = PBXBuildFile; fileRef = 603C5F2717DB1EDA001B4007 /* Default@2x.png */; };
		603C5F2A17DB1EDA001B4007 /* Default-568h@2x.png in Resources */ = {isa = PBXBuildFile; fileRef = 603C5F2917DB1EDA001B4007 /* Default-568h@2x.png */; };
		603C5F2D17DB1EDA001B4007 /* ViewController.m in Sources */ = {isa = PBXBuildFile; fileRef = 603C5F2C17DB1EDA001B4007 /* ViewController.m */; };
		603C5F3017DB1EDA001B4007 /* ViewController.xib in Resources */ = {isa = PBXBuildFile; fileRef = 603C5F2E17DB1EDA001B4007 /* ViewController.xib */; };
		603C5F3B17DB2D5B001B4007 /* QuartzCore.framework in Frameworks */ = {isa = PBXBuildFile; fileRef = 603C5F3A17DB2D5B001B4007 /* QuartzCore.framework */; };
		603C5F3D17DB2D69001B4007 /* Reveal.framework in Frameworks */ = {isa = PBXBuildFile; fileRef = 603C5F3C17DB2D69001B4007 /* Reveal.framework */; };
		603C5F3F17DB2DB2001B4007 /* CFNetwork.framework in Frameworks */ = {isa = PBXBuildFile; fileRef = 603C5F3E17DB2DB2001B4007 /* CFNetwork.framework */; };
		6098F96717DCA16400485954 /* photos.png in Resources */ = {isa = PBXBuildFile; fileRef = 6098F96417DCA16400485954 /* photos.png */; };
		6098F96817DCA16400485954 /* safari.png in Resources */ = {isa = PBXBuildFile; fileRef = 6098F96517DCA16400485954 /* safari.png */; };
		6098F96917DCA16400485954 /* settings.png in Resources */ = {isa = PBXBuildFile; fileRef = 6098F96617DCA16400485954 /* settings.png */; };
		60B7A9601812B2CD00E19A3D /* DockPanel.m in Sources */ = {isa = PBXBuildFile; fileRef = 60B7A9581812B2CD00E19A3D /* DockPanel.m */; };
		60B7A9611812B2CD00E19A3D /* GridPanel.m in Sources */ = {isa = PBXBuildFile; fileRef = 60B7A9591812B2CD00E19A3D /* GridPanel.m */; };
		60B7A9621812B2CD00E19A3D /* PanelUtil.m in Sources */ = {isa = PBXBuildFile; fileRef = 60B7A95A1812B2CD00E19A3D /* PanelUtil.m */; };
		60B7A9631812B2CD00E19A3D /* StackPanel.m in Sources */ = {isa = PBXBuildFile; fileRef = 60B7A95B1812B2CD00E19A3D /* StackPanel.m */; };
/* End PBXBuildFile section */

/* Begin PBXFileReference section */
		603C5F1017DB1EDA001B4007 /* LayoutPanel.app */ = {isa = PBXFileReference; explicitFileType = wrapper.application; includeInIndex = 0; path = LayoutPanel.app; sourceTree = BUILT_PRODUCTS_DIR; };
		603C5F1317DB1EDA001B4007 /* UIKit.framework */ = {isa = PBXFileReference; lastKnownFileType = wrapper.framework; name = UIKit.framework; path = System/Library/Frameworks/UIKit.framework; sourceTree = SDKROOT; };
		603C5F1517DB1EDA001B4007 /* Foundation.framework */ = {isa = PBXFileReference; lastKnownFileType = wrapper.framework; name = Foundation.framework; path = System/Library/Frameworks/Foundation.framework; sourceTree = SDKROOT; };
		603C5F1717DB1EDA001B4007 /* CoreGraphics.framework */ = {isa = PBXFileReference; lastKnownFileType = wrapper.framework; name = CoreGraphics.framework; path = System/Library/Frameworks/CoreGraphics.framework; sourceTree = SDKROOT; };
		603C5F1B17DB1EDA001B4007 /* LayoutPanel-Info.plist */ = {isa = PBXFileReference; lastKnownFileType = text.plist.xml; path = "LayoutPanel-Info.plist"; sourceTree = "<group>"; };
		603C5F1D17DB1EDA001B4007 /* en */ = {isa = PBXFileReference; lastKnownFileType = text.plist.strings; name = en; path = en.lproj/InfoPlist.strings; sourceTree = "<group>"; };
		603C5F1F17DB1EDA001B4007 /* main.m */ = {isa = PBXFileReference; lastKnownFileType = sourcecode.c.objc; path = main.m; sourceTree = "<group>"; };
		603C5F2117DB1EDA001B4007 /* LayoutPanel-Prefix.pch */ = {isa = PBXFileReference; lastKnownFileType = sourcecode.c.h; path = "LayoutPanel-Prefix.pch"; sourceTree = "<group>"; };
		603C5F2217DB1EDA001B4007 /* AppDelegate.h */ = {isa = PBXFileReference; lastKnownFileType = sourcecode.c.h; path = AppDelegate.h; sourceTree = "<group>"; };
		603C5F2317DB1EDA001B4007 /* AppDelegate.m */ = {isa = PBXFileReference; lastKnownFileType = sourcecode.c.objc; path = AppDelegate.m; sourceTree = "<group>"; };
		603C5F2517DB1EDA001B4007 /* Default.png */ = {isa = PBXFileReference; lastKnownFileType = image.png; path = Default.png; sourceTree = "<group>"; };
		603C5F2717DB1EDA001B4007 /* Default@2x.png */ = {isa = PBXFileReference; lastKnownFileType = image.png; path = "Default@2x.png"; sourceTree = "<group>"; };
		603C5F2917DB1EDA001B4007 /* Default-568h@2x.png */ = {isa = PBXFileReference; lastKnownFileType = image.png; path = "Default-568h@2x.png"; sourceTree = "<group>"; };
		603C5F2B17DB1EDA001B4007 /* ViewController.h */ = {isa = PBXFileReference; lastKnownFileType = sourcecode.c.h; path = ViewController.h; sourceTree = "<group>"; };
		603C5F2C17DB1EDA001B4007 /* ViewController.m */ = {isa = PBXFileReference; lastKnownFileType = sourcecode.c.objc; path = ViewController.m; sourceTree = "<group>"; };
		603C5F2F17DB1EDA001B4007 /* en */ = {isa = PBXFileReference; lastKnownFileType = file.xib; name = en; path = en.lproj/ViewController.xib; sourceTree = "<group>"; };
		603C5F3A17DB2D5B001B4007 /* QuartzCore.framework */ = {isa = PBXFileReference; lastKnownFileType = wrapper.framework; name = QuartzCore.framework; path = System/Library/Frameworks/QuartzCore.framework; sourceTree = SDKROOT; };
		603C5F3C17DB2D69001B4007 /* Reveal.framework */ = {isa = PBXFileReference; lastKnownFileType = wrapper.framework; path = Reveal.framework; sourceTree = "<group>"; };
		603C5F3E17DB2DB2001B4007 /* CFNetwork.framework */ = {isa = PBXFileReference; lastKnownFileType = wrapper.framework; name = CFNetwork.framework; path = System/Library/Frameworks/CFNetwork.framework; sourceTree = SDKROOT; };
		6098F96417DCA16400485954 /* photos.png */ = {isa = PBXFileReference; lastKnownFileType = image.png; path = photos.png; sourceTree = "<group>"; };
		6098F96517DCA16400485954 /* safari.png */ = {isa = PBXFileReference; lastKnownFileType = image.png; path = safari.png; sourceTree = "<group>"; };
		6098F96617DCA16400485954 /* settings.png */ = {isa = PBXFileReference; lastKnownFileType = image.png; path = settings.png; sourceTree = "<group>"; };
		60B7A9581812B2CD00E19A3D /* DockPanel.m */ = {isa = PBXFileReference; fileEncoding = 4; lastKnownFileType = sourcecode.c.objc; name = DockPanel.m; path = Classes/DockPanel.m; sourceTree = "<group>"; };
		60B7A9591812B2CD00E19A3D /* GridPanel.m */ = {isa = PBXFileReference; fileEncoding = 4; lastKnownFileType = sourcecode.c.objc; name = GridPanel.m; path = Classes/GridPanel.m; sourceTree = "<group>"; };
		60B7A95A1812B2CD00E19A3D /* PanelUtil.m */ = {isa = PBXFileReference; fileEncoding = 4; lastKnownFileType = sourcecode.c.objc; name = PanelUtil.m; path = Classes/PanelUtil.m; sourceTree = "<group>"; };
		60B7A95B1812B2CD00E19A3D /* StackPanel.m */ = {isa = PBXFileReference; fileEncoding = 4; lastKnownFileType = sourcecode.c.objc; name = StackPanel.m; path = Classes/StackPanel.m; sourceTree = "<group>"; };
		60B7A95C1812B2CD00E19A3D /* DockPanel.h */ = {isa = PBXFileReference; fileEncoding = 4; lastKnownFileType = sourcecode.c.h; name = DockPanel.h; path = Classes/DockPanel.h; sourceTree = "<group>"; };
		60B7A95D1812B2CD00E19A3D /* GridPanel.h */ = {isa = PBXFileReference; fileEncoding = 4; lastKnownFileType = sourcecode.c.h; name = GridPanel.h; path = Classes/GridPanel.h; sourceTree = "<group>"; };
		60B7A95E1812B2CD00E19A3D /* PanelUtil.h */ = {isa = PBXFileReference; fileEncoding = 4; lastKnownFileType = sourcecode.c.h; name = PanelUtil.h; path = Classes/PanelUtil.h; sourceTree = "<group>"; };
		60B7A95F1812B2CD00E19A3D /* StackPanel.h */ = {isa = PBXFileReference; fileEncoding = 4; lastKnownFileType = sourcecode.c.h; name = StackPanel.h; path = Classes/StackPanel.h; sourceTree = "<group>"; };
/* End PBXFileReference section */

/* Begin PBXFrameworksBuildPhase section */
		603C5F0D17DB1EDA001B4007 /* Frameworks */ = {
			isa = PBXFrameworksBuildPhase;
			buildActionMask = 2147483647;
			files = (
				603C5F3F17DB2DB2001B4007 /* CFNetwork.framework in Frameworks */,
				603C5F3B17DB2D5B001B4007 /* QuartzCore.framework in Frameworks */,
				603C5F1417DB1EDA001B4007 /* UIKit.framework in Frameworks */,
				603C5F1617DB1EDA001B4007 /* Foundation.framework in Frameworks */,
				603C5F1817DB1EDA001B4007 /* CoreGraphics.framework in Frameworks */,
				603C5F3D17DB2D69001B4007 /* Reveal.framework in Frameworks */,
			);
			runOnlyForDeploymentPostprocessing = 0;
		};
/* End PBXFrameworksBuildPhase section */

/* Begin PBXGroup section */
		603C5F0717DB1EDA001B4007 = {
			isa = PBXGroup;
			children = (
				603C5F3E17DB2DB2001B4007 /* CFNetwork.framework */,
				603C5F3A17DB2D5B001B4007 /* QuartzCore.framework */,
				603C5F3617DB1EE8001B4007 /* Panel */,
				603C5F1917DB1EDA001B4007 /* LayoutPanel */,
				603C5F1217DB1EDA001B4007 /* Frameworks */,
				603C5F1117DB1EDA001B4007 /* Products */,
			);
			sourceTree = "<group>";
		};
		603C5F1117DB1EDA001B4007 /* Products */ = {
			isa = PBXGroup;
			children = (
				603C5F1017DB1EDA001B4007 /* LayoutPanel.app */,
			);
			name = Products;
			sourceTree = "<group>";
		};
		603C5F1217DB1EDA001B4007 /* Frameworks */ = {
			isa = PBXGroup;
			children = (
				603C5F3C17DB2D69001B4007 /* Reveal.framework */,
				603C5F1317DB1EDA001B4007 /* UIKit.framework */,
				603C5F1517DB1EDA001B4007 /* Foundation.framework */,
				603C5F1717DB1EDA001B4007 /* CoreGraphics.framework */,
			);
			name = Frameworks;
			sourceTree = "<group>";
		};
		603C5F1917DB1EDA001B4007 /* LayoutPanel */ = {
			isa = PBXGroup;
			children = (
				603C5F2217DB1EDA001B4007 /* AppDelegate.h */,
				603C5F2317DB1EDA001B4007 /* AppDelegate.m */,
				603C5F2B17DB1EDA001B4007 /* ViewController.h */,
				603C5F2C17DB1EDA001B4007 /* ViewController.m */,
				603C5F2E17DB1EDA001B4007 /* ViewController.xib */,
				603C5F1A17DB1EDA001B4007 /* Supporting Files */,
			);
			path = LayoutPanel;
			sourceTree = "<group>";
		};
		603C5F1A17DB1EDA001B4007 /* Supporting Files */ = {
			isa = PBXGroup;
			children = (
				6098F96417DCA16400485954 /* photos.png */,
				6098F96517DCA16400485954 /* safari.png */,
				6098F96617DCA16400485954 /* settings.png */,
				603C5F1B17DB1EDA001B4007 /* LayoutPanel-Info.plist */,
				603C5F1C17DB1EDA001B4007 /* InfoPlist.strings */,
				603C5F1F17DB1EDA001B4007 /* main.m */,
				603C5F2117DB1EDA001B4007 /* LayoutPanel-Prefix.pch */,
				603C5F2517DB1EDA001B4007 /* Default.png */,
				603C5F2717DB1EDA001B4007 /* Default@2x.png */,
				603C5F2917DB1EDA001B4007 /* Default-568h@2x.png */,
			);
			name = "Supporting Files";
			sourceTree = "<group>";
		};
		603C5F3617DB1EE8001B4007 /* Panel */ = {
			isa = PBXGroup;
			children = (
				60B7A95C1812B2CD00E19A3D /* DockPanel.h */,
				60B7A9581812B2CD00E19A3D /* DockPanel.m */,
				60B7A9591812B2CD00E19A3D /* GridPanel.m */,
				60B7A95A1812B2CD00E19A3D /* PanelUtil.m */,
				60B7A95F1812B2CD00E19A3D /* StackPanel.h */,
				60B7A95B1812B2CD00E19A3D /* StackPanel.m */,
				60B7A95D1812B2CD00E19A3D /* GridPanel.h */,
				60B7A95E1812B2CD00E19A3D /* PanelUtil.h */,
			);
			name = Panel;
			sourceTree = "<group>";
		};
/* End PBXGroup section */

/* Begin PBXNativeTarget section */
		603C5F0F17DB1EDA001B4007 /* LayoutPanel */ = {
			isa = PBXNativeTarget;
			buildConfigurationList = 603C5F3317DB1EDA001B4007 /* Build configuration list for PBXNativeTarget "LayoutPanel" */;
			buildPhases = (
				603C5F0C17DB1EDA001B4007 /* Sources */,
				603C5F0D17DB1EDA001B4007 /* Frameworks */,
				603C5F0E17DB1EDA001B4007 /* Resources */,
			);
			buildRules = (
			);
			dependencies = (
			);
			name = LayoutPanel;
			productName = LayoutPanel;
			productReference = 603C5F1017DB1EDA001B4007 /* LayoutPanel.app */;
			productType = "com.apple.product-type.application";
		};
/* End PBXNativeTarget section */

/* Begin PBXProject section */
		603C5F0817DB1EDA001B4007 /* Project object */ = {
			isa = PBXProject;
			attributes = {
				LastUpgradeCheck = 0460;
				ORGANIZATIONNAME = nekle;
			};
			buildConfigurationList = 603C5F0B17DB1EDA001B4007 /* Build configuration list for PBXProject "LayoutPanel" */;
			compatibilityVersion = "Xcode 3.2";
			developmentRegion = English;
			hasScannedForEncodings = 0;
			knownRegions = (
				en,
			);
			mainGroup = 603C5F0717DB1EDA001B4007;
			productRefGroup = 603C5F1117DB1EDA001B4007 /* Products */;
			projectDirPath = "";
			projectRoot = "";
			targets = (
				603C5F0F17DB1EDA001B4007 /* LayoutPanel */,
			);
		};
/* End PBXProject section */

/* Begin PBXResourcesBuildPhase section */
		603C5F0E17DB1EDA001B4007 /* Resources */ = {
			isa = PBXResourcesBuildPhase;
			buildActionMask = 2147483647;
			files = (
				603C5F1E17DB1EDA001B4007 /* InfoPlist.strings in Resources */,
				603C5F2617DB1EDA001B4007 /* Default.png in Resources */,
				603C5F2817DB1EDA001B4007 /* Default@2x.png in Resources */,
				603C5F2A17DB1EDA001B4007 /* Default-568h@2x.png in Resources */,
				603C5F3017DB1EDA001B4007 /* ViewController.xib in Resources */,
				6098F96717DCA16400485954 /* photos.png in Resources */,
				6098F96817DCA16400485954 /* safari.png in Resources */,
				6098F96917DCA16400485954 /* settings.png in Resources */,
			);
			runOnlyForDeploymentPostprocessing = 0;
		};
/* End PBXResourcesBuildPhase section */

/* Begin PBXSourcesBuildPhase section */
		603C5F0C17DB1EDA001B4007 /* Sources */ = {
			isa = PBXSourcesBuildPhase;
			buildActionMask = 2147483647;
			files = (
				603C5F2017DB1EDA001B4007 /* main.m in Sources */,
				603C5F2417DB1EDA001B4007 /* AppDelegate.m in Sources */,
				603C5F2D17DB1EDA001B4007 /* ViewController.m in Sources */,
				60B7A9631812B2CD00E19A3D /* StackPanel.m in Sources */,
				60B7A9611812B2CD00E19A3D /* GridPanel.m in Sources */,
				60B7A9621812B2CD00E19A3D /* PanelUtil.m in Sources */,
				60B7A9601812B2CD00E19A3D /* DockPanel.m in Sources */,
			);
			runOnlyForDeploymentPostprocessing = 0;
		};
/* End PBXSourcesBuildPhase section */

/* Begin PBXVariantGroup section */
		603C5F1C17DB1EDA001B4007 /* InfoPlist.strings */ = {
			isa = PBXVariantGroup;
			children = (
				603C5F1D17DB1EDA001B4007 /* en */,
			);
			name = InfoPlist.strings;
			sourceTree = "<group>";
		};
		603C5F2E17DB1EDA001B4007 /* ViewController.xib */ = {
			isa = PBXVariantGroup;
			children = (
				603C5F2F17DB1EDA001B4007 /* en */,
			);
			name = ViewController.xib;
			sourceTree = "<group>";
		};
/* End PBXVariantGroup section */

/* Begin XCBuildConfiguration section */
		603C5F3117DB1EDA001B4007 /* Debug */ = {
			isa = XCBuildConfiguration;
			buildSettings = {
				ALWAYS_SEARCH_USER_PATHS = NO;
				CLANG_CXX_LANGUAGE_STANDARD = "gnu++0x";
				CLANG_CXX_LIBRARY = "libc++";
				CLANG_WARN_CONSTANT_CONVERSION = YES;
				CLANG_WARN_EMPTY_BODY = YES;
				CLANG_WARN_ENUM_CONVERSION = YES;
				CLANG_WARN_INT_CONVERSION = YES;
				CLANG_WARN__DUPLICATE_METHOD_MATCH = YES;
				"CODE_SIGN_IDENTITY[sdk=iphoneos*]" = "iPhone Developer";
				COPY_PHASE_STRIP = NO;
				GCC_C_LANGUAGE_STANDARD = gnu99;
				GCC_DYNAMIC_NO_PIC = NO;
				GCC_OPTIMIZATION_LEVEL = 0;
				GCC_PREPROCESSOR_DEFINITIONS = (
					"DEBUG=1",
					"$(inherited)",
				);
				GCC_SYMBOLS_PRIVATE_EXTERN = NO;
				GCC_WARN_ABOUT_RETURN_TYPE = YES;
				GCC_WARN_UNINITIALIZED_AUTOS = YES;
				GCC_WARN_UNUSED_VARIABLE = YES;
				IPHONEOS_DEPLOYMENT_TARGET = 6.1;
				ONLY_ACTIVE_ARCH = YES;
				SDKROOT = iphoneos;
			};
			name = Debug;
		};
		603C5F3217DB1EDA001B4007 /* Release */ = {
			isa = XCBuildConfiguration;
			buildSettings = {
				ALWAYS_SEARCH_USER_PATHS = NO;
				CLANG_CXX_LANGUAGE_STANDARD = "gnu++0x";
				CLANG_CXX_LIBRARY = "libc++";
				CLANG_WARN_CONSTANT_CONVERSION = YES;
				CLANG_WARN_EMPTY_BODY = YES;
				CLANG_WARN_ENUM_CONVERSION = YES;
				CLANG_WARN_INT_CONVERSION = YES;
				CLANG_WARN__DUPLICATE_METHOD_MATCH = YES;
				"CODE_SIGN_IDENTITY[sdk=iphoneos*]" = "iPhone Developer";
				COPY_PHASE_STRIP = YES;
				GCC_C_LANGUAGE_STANDARD = gnu99;
				GCC_WARN_ABOUT_RETURN_TYPE = YES;
				GCC_WARN_UNINITIALIZED_AUTOS = YES;
				GCC_WARN_UNUSED_VARIABLE = YES;
				IPHONEOS_DEPLOYMENT_TARGET = 6.1;
				OTHER_CFLAGS = "-DNS_BLOCK_ASSERTIONS=1";
				SDKROOT = iphoneos;
				VALIDATE_PRODUCT = YES;
			};
			name = Release;
		};
		603C5F3417DB1EDA001B4007 /* Debug */ = {
			isa = XCBuildConfiguration;
			buildSettings = {
				FRAMEWORK_SEARCH_PATHS = (
					"$(inherited)",
					"\"$(SRCROOT)\"",
				);
				GCC_PRECOMPILE_PREFIX_HEADER = YES;
				GCC_PREFIX_HEADER = "LayoutPanel/LayoutPanel-Prefix.pch";
				INFOPLIST_FILE = "LayoutPanel/LayoutPanel-Info.plist";
				IPHONEOS_DEPLOYMENT_TARGET = 6.0;
				OTHER_LDFLAGS = "-ObjC";
				PRODUCT_NAME = "$(TARGET_NAME)";
				WRAPPER_EXTENSION = app;
			};
			name = Debug;
		};
		603C5F3517DB1EDA001B4007 /* Release */ = {
			isa = XCBuildConfiguration;
			buildSettings = {
				FRAMEWORK_SEARCH_PATHS = (
					"$(inherited)",
					"\"$(SRCROOT)\"",
				);
				GCC_PRECOMPILE_PREFIX_HEADER = YES;
				GCC_PREFIX_HEADER = "LayoutPanel/LayoutPanel-Prefix.pch";
				INFOPLIST_FILE = "LayoutPanel/LayoutPanel-Info.plist";
				IPHONEOS_DEPLOYMENT_TARGET = 6.0;
				OTHER_LDFLAGS = "-ObjC";
				PRODUCT_NAME = "$(TARGET_NAME)";
				WRAPPER_EXTENSION = app;
			};
			name = Release;
		};
/* End XCBuildConfiguration section */

/* Begin XCConfigurationList section */
		603C5F0B17DB1EDA001B4007 /* Build configuration list for PBXProject "LayoutPanel" */ = {
			isa = XCConfigurationList;
			buildConfigurations = (
				603C5F3117DB1EDA001B4007 /* Debug */,
				603C5F3217DB1EDA001B4007 /* Release */,
			);
			defaultConfigurationIsVisible = 0;
			defaultConfigurationName = Release;
		};
		603C5F3317DB1EDA001B4007 /* Build configuration list for PBXNativeTarget "LayoutPanel" */ = {
			isa = XCConfigurationList;
			buildConfigurations = (
				603C5F3417DB1EDA001B4007 /* Debug */,
				603C5F3517DB1EDA001B4007 /* Release */,
			);
			defaultConfigurationIsVisible = 0;
			defaultConfigurationName = Release;
		};
/* End XCConfigurationList section */
	};
	rootObject = 603C5F0817DB1EDA001B4007 /* Project object */;
}
